
Microsoft Visual Studio Solution File, Format Version 12.00
# Visual Studio Version 16
VisualStudioVersion = 16.0.31911.196
MinimumVisualStudioVersion = 10.0.40219.1
Project("{FAE04EC0-301F-11D3-BF4B-00C04F79EFBC}") = "WpfApp8", "WpfApp8\WpfApp8.csproj", "{704CA6DF-7446-4966-8014-0F1E7155F07D}"
EndProject
Global
	GlobalSection(SolutionConfigurationPlatforms) = preSolution
		Debug|Any CPU = Debug|Any CPU
		Release|Any CPU = Release|Any CPU
	EndGlobalSection
	GlobalSection(ProjectConfigurationPlatforms) = postSolution
		{704CA6DF-7446-4966-8014-0F1E7155F07D}.Debug|Any CPU.ActiveCfg = Debug|Any CPU
		{704CA6DF-7446-4966-8014-0F1E7155F07D}.Debug|Any CPU.Build.0 = Debug|Any CPU
		{704CA6DF-7446-4966-8014-0F1E7155F07D}.Release|Any CPU.ActiveCfg = Release|Any CPU
		{704CA6DF-7446-4966-8014-0F1E7155F07D}.Release|Any CPU.Build.0 = Release|Any CPU
	EndGlobalSection
	GlobalSection(SolutionProperties) = preSolution
		HideSolutionNode = FALSE
	EndGlobalSection
	GlobalSection(ExtensibilityGlobals) = postSolution
		SolutionGuid = {8912490C-5258-4DEB-BFE0-2AAEA529A1D6}
	EndGlobalSection
EndGlobal
